{
	"name": "launchpad-site-content",
	"lockfileVersion": 3,
	"requires": true,
	"packages": {
		"": {
			"name": "launchpad-site-content",
			"dependencies": {
				"@sap/portal-cf-content-deployer": "4.4.0-20200518074942"
			},
			"engines": {
				"node": "^18.14.2",
				"npm": "^9.5.0"
			}
		},
		"node_modules/@sap/portal-cf-content-deployer": {
			"version": "4.4.0-20200518074942",
			"resolved": "https://registry.npmjs.org/@sap/portal-cf-content-deployer/-/portal-cf-content-deployer-4.4.0-20200518074942.tgz",
			"integrity": "sha512-+HRZppj3E4RA8mL3pZc+GPsdhzrakfc22EktLtAMKXAfOP2CmSy95Xh1SdAC0/uLO2WRapIeAUinoqsByCyeVA==",
			"hasShrinkwrap": true,
			"dependencies": {
				"@sap/xsenv": "2.2.0",
				"axios": "0.18.1",
				"form-data": "3.0.0",
				"glob": "7.1.6",
				"jszip": "3.4.0",
				"rimraf": "3.0.2"
			},
			"engines": {
				"node": "^18.14.2"
			}
		},
		"node_modules/@sap/portal-cf-content-deployer/node_modules/@sap/xsenv": {
			"version": "2.2.0",
			"dependencies": {
				"debug": "3.1.0",
				"verror": "1.10.0"
			}
		},
		"node_modules/@sap/portal-cf-content-deployer/node_modules/@sap/xsenv/node_modules/assert-plus": {
			"version": "1.0.0"
		},
		"node_modules/@sap/portal-cf-content-deployer/node_modules/@sap/xsenv/node_modules/core-util-is": {
			"version": "1.0.2"
		},
		"node_modules/@sap/portal-cf-content-deployer/node_modules/@sap/xsenv/node_modules/debug": {
			"version": "3.1.0",
			"dependencies": {
				"ms": "2.0.0"
			}
		},
		"node_modules/@sap/portal-cf-content-deployer/node_modules/@sap/xsenv/node_modules/extsprintf": {
			"version": "1.4.0"
		},
		"node_modules/@sap/portal-cf-content-deployer/node_modules/@sap/xsenv/node_modules/ms": {
			"version": "2.0.0"
		},
		"node_modules/@sap/portal-cf-content-deployer/node_modules/@sap/xsenv/node_modules/verror": {
			"version": "1.10.0",
			"dependencies": {
				"assert-plus": "^1.0.0",
				"core-util-is": "1.0.2",
				"extsprintf": "^1.2.0"
			}
		},
		"node_modules/@sap/portal-cf-content-deployer/node_modules/asynckit": {
			"version": "0.4.0"
		},
		"node_modules/@sap/portal-cf-content-deployer/node_modules/axios": {
			"version": "0.18.1",
			"dependencies": {
				"follow-redirects": "1.5.10",
				"is-buffer": "^2.0.2"
			}
		},
		"node_modules/@sap/portal-cf-content-deployer/node_modules/balanced-match": {
			"version": "1.0.0"
		},
		"node_modules/@sap/portal-cf-content-deployer/node_modules/brace-expansion": {
			"version": "1.1.11",
			"dependencies": {
				"balanced-match": "^1.0.0",
				"concat-map": "0.0.1"
			}
		},
		"node_modules/@sap/portal-cf-content-deployer/node_modules/combined-stream": {
			"version": "1.0.8",
			"dependencies": {
				"delayed-stream": "~1.0.0"
			}
		},
		"node_modules/@sap/portal-cf-content-deployer/node_modules/concat-map": {
			"version": "0.0.1"
		},
		"node_modules/@sap/portal-cf-content-deployer/node_modules/core-util-is": {
			"version": "1.0.2"
		},
		"node_modules/@sap/portal-cf-content-deployer/node_modules/debug": {
			"version": "3.1.0",
			"dependencies": {
				"ms": "2.0.0"
			}
		},
		"node_modules/@sap/portal-cf-content-deployer/node_modules/delayed-stream": {
			"version": "1.0.0"
		},
		"node_modules/@sap/portal-cf-content-deployer/node_modules/follow-redirects": {
			"version": "1.5.10",
			"dependencies": {
				"debug": "=3.1.0"
			}
		},
		"node_modules/@sap/portal-cf-content-deployer/node_modules/form-data": {
			"version": "3.0.0",
			"dependencies": {
				"asynckit": "^0.4.0",
				"combined-stream": "^1.0.8",
				"mime-types": "^2.1.12"
			}
		},
		"node_modules/@sap/portal-cf-content-deployer/node_modules/fs.realpath": {
			"version": "1.0.0"
		},
		"node_modules/@sap/portal-cf-content-deployer/node_modules/glob": {
			"version": "7.1.6",
			"dependencies": {
				"fs.realpath": "^1.0.0",
				"inflight": "^1.0.4",
				"inherits": "2",
				"minimatch": "^3.0.4",
				"once": "^1.3.0",
				"path-is-absolute": "^1.0.0"
			}
		},
		"node_modules/@sap/portal-cf-content-deployer/node_modules/immediate": {
			"version": "3.0.6"
		},
		"node_modules/@sap/portal-cf-content-deployer/node_modules/inflight": {
			"version": "1.0.6",
			"dependencies": {
				"once": "^1.3.0",
				"wrappy": "1"
			}
		},
		"node_modules/@sap/portal-cf-content-deployer/node_modules/inherits": {
			"version": "2.0.4"
		},
		"node_modules/@sap/portal-cf-content-deployer/node_modules/is-buffer": {
			"version": "2.0.4"
		},
		"node_modules/@sap/portal-cf-content-deployer/node_modules/isarray": {
			"version": "1.0.0"
		},
		"node_modules/@sap/portal-cf-content-deployer/node_modules/jszip": {
			"version": "3.4.0",
			"dependencies": {
				"lie": "~3.3.0",
				"pako": "~1.0.2",
				"readable-stream": "~2.3.6",
				"set-immediate-shim": "~1.0.1"
			}
		},
		"node_modules/@sap/portal-cf-content-deployer/node_modules/lie": {
			"version": "3.3.0",
			"dependencies": {
				"immediate": "~3.0.5"
			}
		},
		"node_modules/@sap/portal-cf-content-deployer/node_modules/mime-db": {
			"version": "1.44.0"
		},
		"node_modules/@sap/portal-cf-content-deployer/node_modules/mime-types": {
			"version": "2.1.27",
			"dependencies": {
				"mime-db": "1.44.0"
			}
		},
		"node_modules/@sap/portal-cf-content-deployer/node_modules/minimatch": {
			"version": "3.0.4",
			"dependencies": {
				"brace-expansion": "^1.1.7"
			}
		},
		"node_modules/@sap/portal-cf-content-deployer/node_modules/ms": {
			"version": "2.0.0"
		},
		"node_modules/@sap/portal-cf-content-deployer/node_modules/once": {
			"version": "1.4.0",
			"dependencies": {
				"wrappy": "1"
			}
		},
		"node_modules/@sap/portal-cf-content-deployer/node_modules/pako": {
			"version": "1.0.11"
		},
		"node_modules/@sap/portal-cf-content-deployer/node_modules/path-is-absolute": {
			"version": "1.0.1"
		},
		"node_modules/@sap/portal-cf-content-deployer/node_modules/process-nextick-args": {
			"version": "2.0.1"
		},
		"node_modules/@sap/portal-cf-content-deployer/node_modules/readable-stream": {
			"version": "2.3.7",
			"dependencies": {
				"core-util-is": "~1.0.0",
				"inherits": "~2.0.3",
				"isarray": "~1.0.0",
				"process-nextick-args": "~2.0.0",
				"safe-buffer": "~5.1.1",
				"string_decoder": "~1.1.1",
				"util-deprecate": "~1.0.1"
			}
		},
		"node_modules/@sap/portal-cf-content-deployer/node_modules/rimraf": {
			"version": "3.0.2",
			"dependencies": {
				"glob": "^7.1.3"
			}
		},
		"node_modules/@sap/portal-cf-content-deployer/node_modules/safe-buffer": {
			"version": "5.1.2"
		},
		"node_modules/@sap/portal-cf-content-deployer/node_modules/set-immediate-shim": {
			"version": "1.0.1"
		},
		"node_modules/@sap/portal-cf-content-deployer/node_modules/string_decoder": {
			"version": "1.1.1",
			"dependencies": {
				"safe-buffer": "~5.1.0"
			}
		},
		"node_modules/@sap/portal-cf-content-deployer/node_modules/util-deprecate": {
			"version": "1.0.2"
		},
		"node_modules/@sap/portal-cf-content-deployer/node_modules/wrappy": {
			"version": "1.0.2"
		}
	}
}
